
Microsoft Visual Studio Solution File, Format Version 12.00
# Visual Studio 14
VisualStudioVersion = 14.0.25420.1
MinimumVisualStudioVersion = 10.0.40219.1
Project("{FAE04EC0-301F-11D3-BF4B-00C04F79EFBC}") = "Client", "Client\Client.csproj", "{3B068289-C90F-4A5C-BEC4-4A64FC8345B5}"
EndProject
Project("{FAE04EC0-301F-11D3-BF4B-00C04F79EFBC}") = "Server", "Server\Server.csproj", "{56CA1BB5-E03D-48C1-8C47-A26467BD54A5}"
EndProject
Global
	GlobalSection(SolutionConfigurationPlatforms) = preSolution
		Debug|Any CPU = Debug|Any CPU
		Release|Any CPU = Release|Any CPU
	EndGlobalSection
	GlobalSection(ProjectConfigurationPlatforms) = postSolution
		{3B068289-C90F-4A5C-BEC4-4A64FC8345B5}.Debug|Any CPU.ActiveCfg = Debug|Any CPU
		{3B068289-C90F-4A5C-BEC4-4A64FC8345B5}.Debug|Any CPU.Build.0 = Debug|Any CPU
		{3B068289-C90F-4A5C-BEC4-4A64FC8345B5}.Release|Any CPU.ActiveCfg = Release|Any CPU
		{3B068289-C90F-4A5C-BEC4-4A64FC8345B5}.Release|Any CPU.Build.0 = Release|Any CPU
		{56CA1BB5-E03D-48C1-8C47-A26467BD54A5}.Debug|Any CPU.ActiveCfg = Debug|Any CPU
		{56CA1BB5-E03D-48C1-8C47-A26467BD54A5}.Debug|Any CPU.Build.0 = Debug|Any CPU
		{56CA1BB5-E03D-48C1-8C47-A26467BD54A5}.Release|Any CPU.ActiveCfg = Release|Any CPU
		{56CA1BB5-E03D-48C1-8C47-A26467BD54A5}.Release|Any CPU.Build.0 = Release|Any CPU
	EndGlobalSection
	GlobalSection(SolutionProperties) = preSolution
		HideSolutionNode = FALSE
	EndGlobalSection
	GlobalSection(TeamFoundationVersionControl) = preSolution
		SccNumberOfProjects = 3
		SccEnterpriseProvider = {4CA58AB2-18FA-4F8D-95D4-32DDF27D184C}
		SccTeamFoundationServer = https://cisenor1.visualstudio.com/
		SccLocalPath0 = .
		SccProjectUniqueName1 = Client\\Client.csproj
		SccProjectName1 = Client
		SccLocalPath1 = Client
		SccProjectUniqueName2 = Server\\Server.csproj
		SccProjectName2 = Server
		SccLocalPath2 = Server
	EndGlobalSection
EndGlobal
